{
  "name": "docl",
  "version": "1.0.0",
  "lockfileVersion": 1,
  "requires": true,
  "dependencies": {
    "commander": {
      "version": "3.0.2",
      "resolved": "https://registry.npmjs.org/commander/-/commander-3.0.2.tgz",
      "integrity": "sha512-Gar0ASD4BDyKC4hl4DwHqDrmvjoxWKZigVnAbn5H1owvm4CxCPdb0HQDehwNYMJpla5+M2tPmPARzhtYuwpHow=="
    },
    "lngr": {
      "version": "2.0.3",
      "resolved": "https://registry.npmjs.org/lngr/-/lngr-2.0.3.tgz",
      "integrity": "sha512-UyUs91QiXtQD6vYeCNy2s2uJc7cBTtIcD1IWDgMsi6m9RqjY4sginL9jv1sGLKZc6FBpQRadYn6dVpCHzPpksQ=="
    }
  }
}
